
Microsoft Visual Studio Solution File, Format Version 12.00
# Visual Studio Version 17
VisualStudioVersion = 17.7.34018.315
MinimumVisualStudioVersion = 10.0.40219.1
Project("{FAE04EC0-301F-11D3-BF4B-00C04F79EFBC}") = "Lab05.GUI", "Lab05.GUI\Lab05.GUI.csproj", "{9FC844F4-D801-4E15-AEEB-9C063B601291}"
EndProject
Project("{FAE04EC0-301F-11D3-BF4B-00C04F79EFBC}") = "Lab05.BUS", "Lab05.BUS\Lab05.BUS.csproj", "{9F69946E-FBFD-4403-9549-B516A7785100}"
EndProject
Project("{FAE04EC0-301F-11D3-BF4B-00C04F79EFBC}") = "Lab05.DAL", "Lab05.DAL\Lab05.DAL.csproj", "{6882951B-D896-4B24-9D70-FFC68D5F4689}"
EndProject
Global
	GlobalSection(SolutionConfigurationPlatforms) = preSolution
		Debug|Any CPU = Debug|Any CPU
		Release|Any CPU = Release|Any CPU
	EndGlobalSection
	GlobalSection(ProjectConfigurationPlatforms) = postSolution
		{9FC844F4-D801-4E15-AEEB-9C063B601291}.Debug|Any CPU.ActiveCfg = Debug|Any CPU
		{9FC844F4-D801-4E15-AEEB-9C063B601291}.Debug|Any CPU.Build.0 = Debug|Any CPU
		{9FC844F4-D801-4E15-AEEB-9C063B601291}.Release|Any CPU.ActiveCfg = Release|Any CPU
		{9FC844F4-D801-4E15-AEEB-9C063B601291}.Release|Any CPU.Build.0 = Release|Any CPU
		{9F69946E-FBFD-4403-9549-B516A7785100}.Debug|Any CPU.ActiveCfg = Debug|Any CPU
		{9F69946E-FBFD-4403-9549-B516A7785100}.Debug|Any CPU.Build.0 = Debug|Any CPU
		{9F69946E-FBFD-4403-9549-B516A7785100}.Release|Any CPU.ActiveCfg = Release|Any CPU
		{9F69946E-FBFD-4403-9549-B516A7785100}.Release|Any CPU.Build.0 = Release|Any CPU
		{6882951B-D896-4B24-9D70-FFC68D5F4689}.Debug|Any CPU.ActiveCfg = Debug|Any CPU
		{6882951B-D896-4B24-9D70-FFC68D5F4689}.Debug|Any CPU.Build.0 = Debug|Any CPU
		{6882951B-D896-4B24-9D70-FFC68D5F4689}.Release|Any CPU.ActiveCfg = Release|Any CPU
		{6882951B-D896-4B24-9D70-FFC68D5F4689}.Release|Any CPU.Build.0 = Release|Any CPU
	EndGlobalSection
	GlobalSection(SolutionProperties) = preSolution
		HideSolutionNode = FALSE
	EndGlobalSection
	GlobalSection(ExtensibilityGlobals) = postSolution
		SolutionGuid = {90AC89B9-2ED4-4C2B-BB83-851C59CB6BD9}
	EndGlobalSection
EndGlobal
